// !$*UTF8*$!
{
	archiveVersion = 1;
	classes = {
	};
	objectVersion = 51;
	objects = {

/* Begin PBXBuildFile section */
		611C831522C2243B00CC6689 /* AppDelegate.swift in Sources */ = {isa = PBXBuildFile; fileRef = 611C831422C2243B00CC6689 /* AppDelegate.swift */; };
		611C831722C2243B00CC6689 /* ViewController.swift in Sources */ = {isa = PBXBuildFile; fileRef = 611C831622C2243B00CC6689 /* ViewController.swift */; };
		611C831A22C2243B00CC6689 /* Main.storyboard in Resources */ = {isa = PBXBuildFile; fileRef = 611C831822C2243B00CC6689 /* Main.storyboard */; };
		611C831C22C2243B00CC6689 /* Assets.xcassets in Resources */ = {isa = PBXBuildFile; fileRef = 611C831B22C2243B00CC6689 /* Assets.xcassets */; };
		611C831F22C2243B00CC6689 /* LaunchScreen.storyboard in Resources */ = {isa = PBXBuildFile; fileRef = 611C831D22C2243B00CC6689 /* LaunchScreen.storyboard */; };
		611C832822C2257B00CC6689 /* Note.swift in Sources */ = {isa = PBXBuildFile; fileRef = 611C832722C2257B00CC6689 /* Note.swift */; };
		611C832B22C2260400CC6689 /* DataSource.swift in Sources */ = {isa = PBXBuildFile; fileRef = 611C832A22C2260400CC6689 /* DataSource.swift */; };
		611C832D22C2265F00CC6689 /* NoteDataSource.swift in Sources */ = {isa = PBXBuildFile; fileRef = 611C832C22C2265F00CC6689 /* NoteDataSource.swift */; };
		C883D542F93488B9A47580A1 /* Pods_SimpleNote.framework in Frameworks */ = {isa = PBXBuildFile; fileRef = 1BE8EF5440F6874074286D8A /* Pods_SimpleNote.framework */; };
/* End PBXBuildFile section */

/* Begin PBXFileReference section */
		1BE8EF5440F6874074286D8A /* Pods_SimpleNote.framework */ = {isa = PBXFileReference; explicitFileType = wrapper.framework; includeInIndex = 0; path = Pods_SimpleNote.framework; sourceTree = BUILT_PRODUCTS_DIR; };
		40CD9D379034ADE80E9F9C47 /* Pods-SimpleNote.debug.xcconfig */ = {isa = PBXFileReference; includeInIndex = 1; lastKnownFileType = text.xcconfig; name = "Pods-SimpleNote.debug.xcconfig"; path = "Target Support Files/Pods-SimpleNote/Pods-SimpleNote.debug.xcconfig"; sourceTree = "<group>"; };
		611C831122C2243B00CC6689 /* SimpleNote.app */ = {isa = PBXFileReference; explicitFileType = wrapper.application; includeInIndex = 0; path = SimpleNote.app; sourceTree = BUILT_PRODUCTS_DIR; };
		611C831422C2243B00CC6689 /* AppDelegate.swift */ = {isa = PBXFileReference; lastKnownFileType = sourcecode.swift; path = AppDelegate.swift; sourceTree = "<group>"; };
		611C831622C2243B00CC6689 /* ViewController.swift */ = {isa = PBXFileReference; lastKnownFileType = sourcecode.swift; path = ViewController.swift; sourceTree = "<group>"; };
		611C831922C2243B00CC6689 /* Base */ = {isa = PBXFileReference; lastKnownFileType = file.storyboard; name = Base; path = Base.lproj/Main.storyboard; sourceTree = "<group>"; };
		611C831B22C2243B00CC6689 /* Assets.xcassets */ = {isa = PBXFileReference; lastKnownFileType = folder.assetcatalog; path = Assets.xcassets; sourceTree = "<group>"; };
		611C831E22C2243B00CC6689 /* Base */ = {isa = PBXFileReference; lastKnownFileType = file.storyboard; name = Base; path = Base.lproj/LaunchScreen.storyboard; sourceTree = "<group>"; };
		611C832022C2243B00CC6689 /* Info.plist */ = {isa = PBXFileReference; lastKnownFileType = text.plist.xml; path = Info.plist; sourceTree = "<group>"; };
		611C832722C2257B00CC6689 /* Note.swift */ = {isa = PBXFileReference; lastKnownFileType = sourcecode.swift; path = Note.swift; sourceTree = "<group>"; };
		611C832922C225B600CC6689 /* SimpleNote.entitlements */ = {isa = PBXFileReference; lastKnownFileType = text.plist.entitlements; path = SimpleNote.entitlements; sourceTree = "<group>"; };
		611C832A22C2260400CC6689 /* DataSource.swift */ = {isa = PBXFileReference; lastKnownFileType = sourcecode.swift; path = DataSource.swift; sourceTree = "<group>"; };
		611C832C22C2265F00CC6689 /* NoteDataSource.swift */ = {isa = PBXFileReference; lastKnownFileType = sourcecode.swift; path = NoteDataSource.swift; sourceTree = "<group>"; };
		DCCE64AE4F4900D99A8929C7 /* Pods-SimpleNote.release.xcconfig */ = {isa = PBXFileReference; includeInIndex = 1; lastKnownFileType = text.xcconfig; name = "Pods-SimpleNote.release.xcconfig"; path = "Target Support Files/Pods-SimpleNote/Pods-SimpleNote.release.xcconfig"; sourceTree = "<group>"; };
/* End PBXFileReference section */

/* Begin PBXFrameworksBuildPhase section */
		611C830E22C2243B00CC6689 /* Frameworks */ = {
			isa = PBXFrameworksBuildPhase;
			buildActionMask = 2147483647;
			files = (
				C883D542F93488B9A47580A1 /* Pods_SimpleNote.framework in Frameworks */,
			);
			runOnlyForDeploymentPostprocessing = 0;
		};
/* End PBXFrameworksBuildPhase section */

/* Begin PBXGroup section */
		503A33F7B5E880D709406503 /* Pods */ = {
			isa = PBXGroup;
			children = (
				40CD9D379034ADE80E9F9C47 /* Pods-SimpleNote.debug.xcconfig */,
				DCCE64AE4F4900D99A8929C7 /* Pods-SimpleNote.release.xcconfig */,
			);
			path = Pods;
			sourceTree = "<group>";
		};
		611C830822C2243B00CC6689 = {
			isa = PBXGroup;
			children = (
				611C831322C2243B00CC6689 /* SimpleNote */,
				611C831222C2243B00CC6689 /* Products */,
				503A33F7B5E880D709406503 /* Pods */,
				F813CA232A5BEDCCCB61392E /* Frameworks */,
			);
			sourceTree = "<group>";
		};
		611C831222C2243B00CC6689 /* Products */ = {
			isa = PBXGroup;
			children = (
				611C831122C2243B00CC6689 /* SimpleNote.app */,
			);
			name = Products;
			sourceTree = "<group>";
		};
		611C831322C2243B00CC6689 /* SimpleNote */ = {
			isa = PBXGroup;
			children = (
				611C832922C225B600CC6689 /* SimpleNote.entitlements */,
				611C832622C2256400CC6689 /* Model */,
				611C831422C2243B00CC6689 /* AppDelegate.swift */,
				611C831622C2243B00CC6689 /* ViewController.swift */,
				611C831822C2243B00CC6689 /* Main.storyboard */,
				611C831B22C2243B00CC6689 /* Assets.xcassets */,
				611C831D22C2243B00CC6689 /* LaunchScreen.storyboard */,
				611C832022C2243B00CC6689 /* Info.plist */,
			);
			path = SimpleNote;
			sourceTree = "<group>";
		};
		611C832622C2256400CC6689 /* Model */ = {
			isa = PBXGroup;
			children = (
				611C832722C2257B00CC6689 /* Note.swift */,
				611C832A22C2260400CC6689 /* DataSource.swift */,
				611C832C22C2265F00CC6689 /* NoteDataSource.swift */,
			);
			path = Model;
			sourceTree = "<group>";
		};
		F813CA232A5BEDCCCB61392E /* Frameworks */ = {
			isa = PBXGroup;
			children = (
				1BE8EF5440F6874074286D8A /* Pods_SimpleNote.framework */,
			);
			name = Frameworks;
			sourceTree = "<group>";
		};
/* End PBXGroup section */

/* Begin PBXNativeTarget section */
		611C831022C2243B00CC6689 /* SimpleNote */ = {
			isa = PBXNativeTarget;
			buildConfigurationList = 611C832322C2243B00CC6689 /* Build configuration list for PBXNativeTarget "SimpleNote" */;
			buildPhases = (
				E2A25CD7BF3F687B1444AD76 /* [CP] Check Pods Manifest.lock */,
				611C830D22C2243B00CC6689 /* Sources */,
				611C830E22C2243B00CC6689 /* Frameworks */,
				611C830F22C2243B00CC6689 /* Resources */,
				F2B7ACCAAFB5EAD574C140E2 /* [CP] Embed Pods Frameworks */,
			);
			buildRules = (
			);
			dependencies = (
			);
			name = SimpleNote;
			productName = SimpleNote;
			productReference = 611C831122C2243B00CC6689 /* SimpleNote.app */;
			productType = "com.apple.product-type.application";
		};
/* End PBXNativeTarget section */

/* Begin PBXProject section */
		611C830922C2243B00CC6689 /* Project object */ = {
			isa = PBXProject;
			attributes = {
				LastSwiftUpdateCheck = 1020;
				LastUpgradeCheck = 1020;
				ORGANIZATIONNAME = pino;
				TargetAttributes = {
					611C831022C2243B00CC6689 = {
						CreatedOnToolsVersion = 10.2.1;
						SystemCapabilities = {
							com.apple.Keychain = {
								enabled = 1;
							};
						};
					};
				};
			};
			buildConfigurationList = 611C830C22C2243B00CC6689 /* Build configuration list for PBXProject "SimpleNote" */;
			compatibilityVersion = "Xcode 9.3";
			developmentRegion = en;
			hasScannedForEncodings = 0;
			knownRegions = (
				en,
				Base,
			);
			mainGroup = 611C830822C2243B00CC6689;
			productRefGroup = 611C831222C2243B00CC6689 /* Products */;
			projectDirPath = "";
			projectRoot = "";
			targets = (
				611C831022C2243B00CC6689 /* SimpleNote */,
			);
		};
/* End PBXProject section */

/* Begin PBXResourcesBuildPhase section */
		611C830F22C2243B00CC6689 /* Resources */ = {
			isa = PBXResourcesBuildPhase;
			buildActionMask = 2147483647;
			files = (
				611C831F22C2243B00CC6689 /* LaunchScreen.storyboard in Resources */,
				611C831C22C2243B00CC6689 /* Assets.xcassets in Resources */,
				611C831A22C2243B00CC6689 /* Main.storyboard in Resources */,
			);
			runOnlyForDeploymentPostprocessing = 0;
		};
/* End PBXResourcesBuildPhase section */

/* Begin PBXShellScriptBuildPhase section */
		E2A25CD7BF3F687B1444AD76 /* [CP] Check Pods Manifest.lock */ = {
			isa = PBXShellScriptBuildPhase;
			buildActionMask = 2147483647;
			files = (
			);
			inputFileListPaths = (
			);
			inputPaths = (
				"${PODS_PODFILE_DIR_PATH}/Podfile.lock",
				"${PODS_ROOT}/Manifest.lock",
			);
			name = "[CP] Check Pods Manifest.lock";
			outputFileListPaths = (
			);
			outputPaths = (
				"$(DERIVED_FILE_DIR)/Pods-SimpleNote-checkManifestLockResult.txt",
			);
			runOnlyForDeploymentPostprocessing = 0;
			shellPath = /bin/sh;
			shellScript = "diff \"${PODS_PODFILE_DIR_PATH}/Podfile.lock\" \"${PODS_ROOT}/Manifest.lock\" > /dev/null\nif [ $? != 0 ] ; then\n    # print error to STDERR\n    echo \"error: The sandbox is not in sync with the Podfile.lock. Run 'pod install' or update your CocoaPods installation.\" >&2\n    exit 1\nfi\n# This output is used by Xcode 'outputs' to avoid re-running this script phase.\necho \"SUCCESS\" > \"${SCRIPT_OUTPUT_FILE_0}\"\n";
			showEnvVarsInLog = 0;
		};
		F2B7ACCAAFB5EAD574C140E2 /* [CP] Embed Pods Frameworks */ = {
			isa = PBXShellScriptBuildPhase;
			buildActionMask = 2147483647;
			files = (
			);
			inputFileListPaths = (
				"${PODS_ROOT}/Target Support Files/Pods-SimpleNote/Pods-SimpleNote-frameworks-${CONFIGURATION}-input-files.xcfilelist",
			);
			name = "[CP] Embed Pods Frameworks";
			outputFileListPaths = (
				"${PODS_ROOT}/Target Support Files/Pods-SimpleNote/Pods-SimpleNote-frameworks-${CONFIGURATION}-output-files.xcfilelist",
			);
			runOnlyForDeploymentPostprocessing = 0;
			shellPath = /bin/sh;
			shellScript = "\"${PODS_ROOT}/Target Support Files/Pods-SimpleNote/Pods-SimpleNote-frameworks.sh\"\n";
			showEnvVarsInLog = 0;
		};
/* End PBXShellScriptBuildPhase section */

/* Begin PBXSourcesBuildPhase section */
		611C830D22C2243B00CC6689 /* Sources */ = {
			isa = PBXSourcesBuildPhase;
			buildActionMask = 2147483647;
			files = (
				611C832D22C2265F00CC6689 /* NoteDataSource.swift in Sources */,
				611C831722C2243B00CC6689 /* ViewController.swift in Sources */,
				611C831522C2243B00CC6689 /* AppDelegate.swift in Sources */,
				611C832B22C2260400CC6689 /* DataSource.swift in Sources */,
				611C832822C2257B00CC6689 /* Note.swift in Sources */,
			);
			runOnlyForDeploymentPostprocessing = 0;
		};
/* End PBXSourcesBuildPhase section */

/* Begin PBXVariantGroup section */
		611C831822C2243B00CC6689 /* Main.storyboard */ = {
			isa = PBXVariantGroup;
			children = (
				611C831922C2243B00CC6689 /* Base */,
			);
			name = Main.storyboard;
			sourceTree = "<group>";
		};
		611C831D22C2243B00CC6689 /* LaunchScreen.storyboard */ = {
			isa = PBXVariantGroup;
			children = (
				611C831E22C2243B00CC6689 /* Base */,
			);
			name = LaunchScreen.storyboard;
			sourceTree = "<group>";
		};
/* End PBXVariantGroup section */

/* Begin XCBuildConfiguration section */
		611C832122C2243B00CC6689 /* Debug */ = {
			isa = XCBuildConfiguration;
			buildSettings = {
				ALWAYS_SEARCH_USER_PATHS = NO;
				CLANG_ANALYZER_NONNULL = YES;
				CLANG_ANALYZER_NUMBER_OBJECT_CONVERSION = YES_AGGRESSIVE;
				CLANG_CXX_LANGUAGE_STANDARD = "gnu++14";
				CLANG_CXX_LIBRARY = "libc++";
				CLANG_ENABLE_MODULES = YES;
				CLANG_ENABLE_OBJC_ARC = YES;
				CLANG_ENABLE_OBJC_WEAK = YES;
				CLANG_WARN_BLOCK_CAPTURE_AUTORELEASING = YES;
				CLANG_WARN_BOOL_CONVERSION = YES;
				CLANG_WARN_COMMA = YES;
				CLANG_WARN_CONSTANT_CONVERSION = YES;
				CLANG_WARN_DEPRECATED_OBJC_IMPLEMENTATIONS = YES;
				CLANG_WARN_DIRECT_OBJC_ISA_USAGE = YES_ERROR;
				CLANG_WARN_DOCUMENTATION_COMMENTS = YES;
				CLANG_WARN_EMPTY_BODY = YES;
				CLANG_WARN_ENUM_CONVERSION = YES;
				CLANG_WARN_INFINITE_RECURSION = YES;
				CLANG_WARN_INT_CONVERSION = YES;
				CLANG_WARN_NON_LITERAL_NULL_CONVERSION = YES;
				CLANG_WARN_OBJC_IMPLICIT_RETAIN_SELF = YES;
				CLANG_WARN_OBJC_LITERAL_CONVERSION = YES;
				CLANG_WARN_OBJC_ROOT_CLASS = YES_ERROR;
				CLANG_WARN_RANGE_LOOP_ANALYSIS = YES;
				CLANG_WARN_STRICT_PROTOTYPES = YES;
				CLANG_WARN_SUSPICIOUS_MOVE = YES;
				CLANG_WARN_UNGUARDED_AVAILABILITY = YES_AGGRESSIVE;
				CLANG_WARN_UNREACHABLE_CODE = YES;
				CLANG_WARN__DUPLICATE_METHOD_MATCH = YES;
				CODE_SIGN_IDENTITY = "iPhone Developer";
				COPY_PHASE_STRIP = NO;
				DEBUG_INFORMATION_FORMAT = dwarf;
				ENABLE_STRICT_OBJC_MSGSEND = YES;
				ENABLE_TESTABILITY = YES;
				GCC_C_LANGUAGE_STANDARD = gnu11;
				GCC_DYNAMIC_NO_PIC = NO;
				GCC_NO_COMMON_BLOCKS = YES;
				GCC_OPTIMIZATION_LEVEL = 0;
				GCC_PREPROCESSOR_DEFINITIONS = (
					"DEBUG=1",
					"$(inherited)",
				);
				GCC_WARN_64_TO_32_BIT_CONVERSION = YES;
				GCC_WARN_ABOUT_RETURN_TYPE = YES_ERROR;
				GCC_WARN_UNDECLARED_SELECTOR = YES;
				GCC_WARN_UNINITIALIZED_AUTOS = YES_AGGRESSIVE;
				GCC_WARN_UNUSED_FUNCTION = YES;
				GCC_WARN_UNUSED_VARIABLE = YES;
				IPHONEOS_DEPLOYMENT_TARGET = 12.2;
				MTL_ENABLE_DEBUG_INFO = INCLUDE_SOURCE;
				MTL_FAST_MATH = YES;
				ONLY_ACTIVE_ARCH = YES;
				SDKROOT = iphoneos;
				SWIFT_ACTIVE_COMPILATION_CONDITIONS = DEBUG;
				SWIFT_OPTIMIZATION_LEVEL = "-Onone";
			};
			name = Debug;
		};
		611C832222C2243B00CC6689 /* Release */ = {
			isa = XCBuildConfiguration;
			buildSettings = {
				ALWAYS_SEARCH_USER_PATHS = NO;
				CLANG_ANALYZER_NONNULL = YES;
				CLANG_ANALYZER_NUMBER_OBJECT_CONVERSION = YES_AGGRESSIVE;
				CLANG_CXX_LANGUAGE_STANDARD = "gnu++14";
				CLANG_CXX_LIBRARY = "libc++";
				CLANG_ENABLE_MODULES = YES;
				CLANG_ENABLE_OBJC_ARC = YES;
				CLANG_ENABLE_OBJC_WEAK = YES;
				CLANG_WARN_BLOCK_CAPTURE_AUTORELEASING = YES;
				CLANG_WARN_BOOL_CONVERSION = YES;
				CLANG_WARN_COMMA = YES;
				CLANG_WARN_CONSTANT_CONVERSION = YES;
				CLANG_WARN_DEPRECATED_OBJC_IMPLEMENTATIONS = YES;
				CLANG_WARN_DIRECT_OBJC_ISA_USAGE = YES_ERROR;
				CLANG_WARN_DOCUMENTATION_COMMENTS = YES;
				CLANG_WARN_EMPTY_BODY = YES;
				CLANG_WARN_ENUM_CONVERSION = YES;
				CLANG_WARN_INFINITE_RECURSION = YES;
				CLANG_WARN_INT_CONVERSION = YES;
				CLANG_WARN_NON_LITERAL_NULL_CONVERSION = YES;
				CLANG_WARN_OBJC_IMPLICIT_RETAIN_SELF = YES;
				CLANG_WARN_OBJC_LITERAL_CONVERSION = YES;
				CLANG_WARN_OBJC_ROOT_CLASS = YES_ERROR;
				CLANG_WARN_RANGE_LOOP_ANALYSIS = YES;
				CLANG_WARN_STRICT_PROTOTYPES = YES;
				CLANG_WARN_SUSPICIOUS_MOVE = YES;
				CLANG_WARN_UNGUARDED_AVAILABILITY = YES_AGGRESSIVE;
				CLANG_WARN_UNREACHABLE_CODE = YES;
				CLANG_WARN__DUPLICATE_METHOD_MATCH = YES;
				CODE_SIGN_IDENTITY = "iPhone Developer";
				COPY_PHASE_STRIP = NO;
				DEBUG_INFORMATION_FORMAT = "dwarf-with-dsym";
				ENABLE_NS_ASSERTIONS = NO;
				ENABLE_STRICT_OBJC_MSGSEND = YES;
				GCC_C_LANGUAGE_STANDARD = gnu11;
				GCC_NO_COMMON_BLOCKS = YES;
				GCC_WARN_64_TO_32_BIT_CONVERSION = YES;
				GCC_WARN_ABOUT_RETURN_TYPE = YES_ERROR;
				GCC_WARN_UNDECLARED_SELECTOR = YES;
				GCC_WARN_UNINITIALIZED_AUTOS = YES_AGGRESSIVE;
				GCC_WARN_UNUSED_FUNCTION = YES;
				GCC_WARN_UNUSED_VARIABLE = YES;
				IPHONEOS_DEPLOYMENT_TARGET = 12.2;
				MTL_ENABLE_DEBUG_INFO = NO;
				MTL_FAST_MATH = YES;
				SDKROOT = iphoneos;
				SWIFT_COMPILATION_MODE = wholemodule;
				SWIFT_OPTIMIZATION_LEVEL = "-O";
				VALIDATE_PRODUCT = YES;
			};
			name = Release;
		};
		611C832422C2243B00CC6689 /* Debug */ = {
			isa = XCBuildConfiguration;
			baseConfigurationReference = 40CD9D379034ADE80E9F9C47 /* Pods-SimpleNote.debug.xcconfig */;
			buildSettings = {
				ASSETCATALOG_COMPILER_APPICON_NAME = AppIcon;
				CODE_SIGN_ENTITLEMENTS = SimpleNote/SimpleNote.entitlements;
				CODE_SIGN_STYLE = Automatic;
				DEVELOPMENT_TEAM = G4MM77V7NH;
				INFOPLIST_FILE = SimpleNote/Info.plist;
				LD_RUNPATH_SEARCH_PATHS = (
					"$(inherited)",
					"@executable_path/Frameworks",
				);
				PRODUCT_BUNDLE_IDENTIFIER = io.github.92pino.SimpleNote;
				PRODUCT_NAME = "$(TARGET_NAME)";
				SWIFT_VERSION = 5.0;
				TARGETED_DEVICE_FAMILY = "1,2";
			};
			name = Debug;
		};
		611C832522C2243B00CC6689 /* Release */ = {
			isa = XCBuildConfiguration;
			baseConfigurationReference = DCCE64AE4F4900D99A8929C7 /* Pods-SimpleNote.release.xcconfig */;
			buildSettings = {
				ASSETCATALOG_COMPILER_APPICON_NAME = AppIcon;
				CODE_SIGN_ENTITLEMENTS = SimpleNote/SimpleNote.entitlements;
				CODE_SIGN_STYLE = Automatic;
				DEVELOPMENT_TEAM = G4MM77V7NH;
				INFOPLIST_FILE = SimpleNote/Info.plist;
				LD_RUNPATH_SEARCH_PATHS = (
					"$(inherited)",
					"@executable_path/Frameworks",
				);
				PRODUCT_BUNDLE_IDENTIFIER = io.github.92pino.SimpleNote;
				PRODUCT_NAME = "$(TARGET_NAME)";
				SWIFT_VERSION = 5.0;
				TARGETED_DEVICE_FAMILY = "1,2";
			};
			name = Release;
		};
/* End XCBuildConfiguration section */

/* Begin XCConfigurationList section */
		611C830C22C2243B00CC6689 /* Build configuration list for PBXProject "SimpleNote" */ = {
			isa = XCConfigurationList;
			buildConfigurations = (
				611C832122C2243B00CC6689 /* Debug */,
				611C832222C2243B00CC6689 /* Release */,
			);
			defaultConfigurationIsVisible = 0;
			defaultConfigurationName = Release;
		};
		611C832322C2243B00CC6689 /* Build configuration list for PBXNativeTarget "SimpleNote" */ = {
			isa = XCConfigurationList;
			buildConfigurations = (
				611C832422C2243B00CC6689 /* Debug */,
				611C832522C2243B00CC6689 /* Release */,
			);
			defaultConfigurationIsVisible = 0;
			defaultConfigurationName = Release;
		};
/* End XCConfigurationList section */
	};
	rootObject = 611C830922C2243B00CC6689 /* Project object */;
}
