// !$*UTF8*$!
{
	archiveVersion = 1;
	classes = {
	};
	objectVersion = 50;
	objects = {

/* Begin PBXBuildFile section */
		618FD4202332235800735ACF /* AppDelegate.swift in Sources */ = {isa = PBXBuildFile; fileRef = 618FD41F2332235800735ACF /* AppDelegate.swift */; };
		618FD4222332235800735ACF /* ListViewController.swift in Sources */ = {isa = PBXBuildFile; fileRef = 618FD4212332235800735ACF /* ListViewController.swift */; };
		618FD4272332235B00735ACF /* Assets.xcassets in Resources */ = {isa = PBXBuildFile; fileRef = 618FD4262332235B00735ACF /* Assets.xcassets */; };
		618FD42A2332235B00735ACF /* LaunchScreen.storyboard in Resources */ = {isa = PBXBuildFile; fileRef = 618FD4282332235B00735ACF /* LaunchScreen.storyboard */; };
		618FD436233224C400735ACF /* ListCell.swift in Sources */ = {isa = PBXBuildFile; fileRef = 618FD435233224C400735ACF /* ListCell.swift */; };
		618FD43B2332252B00735ACF /* Identifiable.swift in Sources */ = {isa = PBXBuildFile; fileRef = 618FD43A2332252B00735ACF /* Identifiable.swift */; };
		618FD43D23322DFB00735ACF /* TableViewCollectionViewExtension.swift in Sources */ = {isa = PBXBuildFile; fileRef = 618FD43C23322DFB00735ACF /* TableViewCollectionViewExtension.swift */; };
		618FD4402332339500735ACF /* MovieVO.swift in Sources */ = {isa = PBXBuildFile; fileRef = 618FD43F2332339500735ACF /* MovieVO.swift */; };
		618FD4422332342900735ACF /* MovieData.swift in Sources */ = {isa = PBXBuildFile; fileRef = 618FD4412332342900735ACF /* MovieData.swift */; };
/* End PBXBuildFile section */

/* Begin PBXFileReference section */
		618FD41C2332235800735ACF /* MyMovieChart.app */ = {isa = PBXFileReference; explicitFileType = wrapper.application; includeInIndex = 0; path = MyMovieChart.app; sourceTree = BUILT_PRODUCTS_DIR; };
		618FD41F2332235800735ACF /* AppDelegate.swift */ = {isa = PBXFileReference; lastKnownFileType = sourcecode.swift; path = AppDelegate.swift; sourceTree = "<group>"; };
		618FD4212332235800735ACF /* ListViewController.swift */ = {isa = PBXFileReference; lastKnownFileType = sourcecode.swift; path = ListViewController.swift; sourceTree = "<group>"; };
		618FD4262332235B00735ACF /* Assets.xcassets */ = {isa = PBXFileReference; lastKnownFileType = folder.assetcatalog; path = Assets.xcassets; sourceTree = "<group>"; };
		618FD4292332235B00735ACF /* Base */ = {isa = PBXFileReference; lastKnownFileType = file.storyboard; name = Base; path = Base.lproj/LaunchScreen.storyboard; sourceTree = "<group>"; };
		618FD42B2332235B00735ACF /* Info.plist */ = {isa = PBXFileReference; lastKnownFileType = text.plist.xml; path = Info.plist; sourceTree = "<group>"; };
		618FD435233224C400735ACF /* ListCell.swift */ = {isa = PBXFileReference; lastKnownFileType = sourcecode.swift; path = ListCell.swift; sourceTree = "<group>"; };
		618FD43A2332252B00735ACF /* Identifiable.swift */ = {isa = PBXFileReference; lastKnownFileType = sourcecode.swift; path = Identifiable.swift; sourceTree = "<group>"; };
		618FD43C23322DFB00735ACF /* TableViewCollectionViewExtension.swift */ = {isa = PBXFileReference; lastKnownFileType = sourcecode.swift; path = TableViewCollectionViewExtension.swift; sourceTree = "<group>"; };
		618FD43F2332339500735ACF /* MovieVO.swift */ = {isa = PBXFileReference; lastKnownFileType = sourcecode.swift; path = MovieVO.swift; sourceTree = "<group>"; };
		618FD4412332342900735ACF /* MovieData.swift */ = {isa = PBXFileReference; lastKnownFileType = sourcecode.swift; path = MovieData.swift; sourceTree = "<group>"; };
/* End PBXFileReference section */

/* Begin PBXFrameworksBuildPhase section */
		618FD4192332235800735ACF /* Frameworks */ = {
			isa = PBXFrameworksBuildPhase;
			buildActionMask = 2147483647;
			files = (
			);
			runOnlyForDeploymentPostprocessing = 0;
		};
/* End PBXFrameworksBuildPhase section */

/* Begin PBXGroup section */
		618FD4132332235800735ACF = {
			isa = PBXGroup;
			children = (
				618FD41E2332235800735ACF /* MyMovieChart */,
				618FD41D2332235800735ACF /* Products */,
			);
			sourceTree = "<group>";
		};
		618FD41D2332235800735ACF /* Products */ = {
			isa = PBXGroup;
			children = (
				618FD41C2332235800735ACF /* MyMovieChart.app */,
			);
			name = Products;
			sourceTree = "<group>";
		};
		618FD41E2332235800735ACF /* MyMovieChart */ = {
			isa = PBXGroup;
			children = (
				618FD43E2332338600735ACF /* DataModel */,
				618FD437233224D900735ACF /* Utility */,
				618FD434233224A100735ACF /* Controller */,
				618FD4332332249D00735ACF /* View */,
				618FD41F2332235800735ACF /* AppDelegate.swift */,
				618FD4262332235B00735ACF /* Assets.xcassets */,
				618FD4282332235B00735ACF /* LaunchScreen.storyboard */,
				618FD42B2332235B00735ACF /* Info.plist */,
			);
			path = MyMovieChart;
			sourceTree = "<group>";
		};
		618FD4332332249D00735ACF /* View */ = {
			isa = PBXGroup;
			children = (
				618FD435233224C400735ACF /* ListCell.swift */,
			);
			path = View;
			sourceTree = "<group>";
		};
		618FD434233224A100735ACF /* Controller */ = {
			isa = PBXGroup;
			children = (
				618FD4212332235800735ACF /* ListViewController.swift */,
			);
			path = Controller;
			sourceTree = "<group>";
		};
		618FD437233224D900735ACF /* Utility */ = {
			isa = PBXGroup;
			children = (
				618FD4392332251F00735ACF /* Extension */,
				618FD4382332250500735ACF /* Helper */,
			);
			path = Utility;
			sourceTree = "<group>";
		};
		618FD4382332250500735ACF /* Helper */ = {
			isa = PBXGroup;
			children = (
			);
			path = Helper;
			sourceTree = "<group>";
		};
		618FD4392332251F00735ACF /* Extension */ = {
			isa = PBXGroup;
			children = (
				618FD43A2332252B00735ACF /* Identifiable.swift */,
				618FD43C23322DFB00735ACF /* TableViewCollectionViewExtension.swift */,
			);
			path = Extension;
			sourceTree = "<group>";
		};
		618FD43E2332338600735ACF /* DataModel */ = {
			isa = PBXGroup;
			children = (
				618FD43F2332339500735ACF /* MovieVO.swift */,
				618FD4412332342900735ACF /* MovieData.swift */,
			);
			path = DataModel;
			sourceTree = "<group>";
		};
/* End PBXGroup section */

/* Begin PBXNativeTarget section */
		618FD41B2332235800735ACF /* MyMovieChart */ = {
			isa = PBXNativeTarget;
			buildConfigurationList = 618FD42E2332235B00735ACF /* Build configuration list for PBXNativeTarget "MyMovieChart" */;
			buildPhases = (
				618FD4182332235800735ACF /* Sources */,
				618FD4192332235800735ACF /* Frameworks */,
				618FD41A2332235800735ACF /* Resources */,
			);
			buildRules = (
			);
			dependencies = (
			);
			name = MyMovieChart;
			productName = MyMovieChart;
			productReference = 618FD41C2332235800735ACF /* MyMovieChart.app */;
			productType = "com.apple.product-type.application";
		};
/* End PBXNativeTarget section */

/* Begin PBXProject section */
		618FD4142332235800735ACF /* Project object */ = {
			isa = PBXProject;
			attributes = {
				LastSwiftUpdateCheck = 1020;
				LastUpgradeCheck = 1020;
				ORGANIZATIONNAME = pino;
				TargetAttributes = {
					618FD41B2332235800735ACF = {
						CreatedOnToolsVersion = 10.2.1;
					};
				};
			};
			buildConfigurationList = 618FD4172332235800735ACF /* Build configuration list for PBXProject "MyMovieChart" */;
			compatibilityVersion = "Xcode 9.3";
			developmentRegion = en;
			hasScannedForEncodings = 0;
			knownRegions = (
				en,
				Base,
			);
			mainGroup = 618FD4132332235800735ACF;
			productRefGroup = 618FD41D2332235800735ACF /* Products */;
			projectDirPath = "";
			projectRoot = "";
			targets = (
				618FD41B2332235800735ACF /* MyMovieChart */,
			);
		};
/* End PBXProject section */

/* Begin PBXResourcesBuildPhase section */
		618FD41A2332235800735ACF /* Resources */ = {
			isa = PBXResourcesBuildPhase;
			buildActionMask = 2147483647;
			files = (
				618FD42A2332235B00735ACF /* LaunchScreen.storyboard in Resources */,
				618FD4272332235B00735ACF /* Assets.xcassets in Resources */,
			);
			runOnlyForDeploymentPostprocessing = 0;
		};
/* End PBXResourcesBuildPhase section */

/* Begin PBXSourcesBuildPhase section */
		618FD4182332235800735ACF /* Sources */ = {
			isa = PBXSourcesBuildPhase;
			buildActionMask = 2147483647;
			files = (
				618FD436233224C400735ACF /* ListCell.swift in Sources */,
				618FD43B2332252B00735ACF /* Identifiable.swift in Sources */,
				618FD43D23322DFB00735ACF /* TableViewCollectionViewExtension.swift in Sources */,
				618FD4422332342900735ACF /* MovieData.swift in Sources */,
				618FD4402332339500735ACF /* MovieVO.swift in Sources */,
				618FD4222332235800735ACF /* ListViewController.swift in Sources */,
				618FD4202332235800735ACF /* AppDelegate.swift in Sources */,
			);
			runOnlyForDeploymentPostprocessing = 0;
		};
/* End PBXSourcesBuildPhase section */

/* Begin PBXVariantGroup section */
		618FD4282332235B00735ACF /* LaunchScreen.storyboard */ = {
			isa = PBXVariantGroup;
			children = (
				618FD4292332235B00735ACF /* Base */,
			);
			name = LaunchScreen.storyboard;
			sourceTree = "<group>";
		};
/* End PBXVariantGroup section */

/* Begin XCBuildConfiguration section */
		618FD42C2332235B00735ACF /* Debug */ = {
			isa = XCBuildConfiguration;
			buildSettings = {
				ALWAYS_SEARCH_USER_PATHS = NO;
				CLANG_ANALYZER_NONNULL = YES;
				CLANG_ANALYZER_NUMBER_OBJECT_CONVERSION = YES_AGGRESSIVE;
				CLANG_CXX_LANGUAGE_STANDARD = "gnu++14";
				CLANG_CXX_LIBRARY = "libc++";
				CLANG_ENABLE_MODULES = YES;
				CLANG_ENABLE_OBJC_ARC = YES;
				CLANG_ENABLE_OBJC_WEAK = YES;
				CLANG_WARN_BLOCK_CAPTURE_AUTORELEASING = YES;
				CLANG_WARN_BOOL_CONVERSION = YES;
				CLANG_WARN_COMMA = YES;
				CLANG_WARN_CONSTANT_CONVERSION = YES;
				CLANG_WARN_DEPRECATED_OBJC_IMPLEMENTATIONS = YES;
				CLANG_WARN_DIRECT_OBJC_ISA_USAGE = YES_ERROR;
				CLANG_WARN_DOCUMENTATION_COMMENTS = YES;
				CLANG_WARN_EMPTY_BODY = YES;
				CLANG_WARN_ENUM_CONVERSION = YES;
				CLANG_WARN_INFINITE_RECURSION = YES;
				CLANG_WARN_INT_CONVERSION = YES;
				CLANG_WARN_NON_LITERAL_NULL_CONVERSION = YES;
				CLANG_WARN_OBJC_IMPLICIT_RETAIN_SELF = YES;
				CLANG_WARN_OBJC_LITERAL_CONVERSION = YES;
				CLANG_WARN_OBJC_ROOT_CLASS = YES_ERROR;
				CLANG_WARN_RANGE_LOOP_ANALYSIS = YES;
				CLANG_WARN_STRICT_PROTOTYPES = YES;
				CLANG_WARN_SUSPICIOUS_MOVE = YES;
				CLANG_WARN_UNGUARDED_AVAILABILITY = YES_AGGRESSIVE;
				CLANG_WARN_UNREACHABLE_CODE = YES;
				CLANG_WARN__DUPLICATE_METHOD_MATCH = YES;
				CODE_SIGN_IDENTITY = "iPhone Developer";
				COPY_PHASE_STRIP = NO;
				DEBUG_INFORMATION_FORMAT = dwarf;
				ENABLE_STRICT_OBJC_MSGSEND = YES;
				ENABLE_TESTABILITY = YES;
				GCC_C_LANGUAGE_STANDARD = gnu11;
				GCC_DYNAMIC_NO_PIC = NO;
				GCC_NO_COMMON_BLOCKS = YES;
				GCC_OPTIMIZATION_LEVEL = 0;
				GCC_PREPROCESSOR_DEFINITIONS = (
					"DEBUG=1",
					"$(inherited)",
				);
				GCC_WARN_64_TO_32_BIT_CONVERSION = YES;
				GCC_WARN_ABOUT_RETURN_TYPE = YES_ERROR;
				GCC_WARN_UNDECLARED_SELECTOR = YES;
				GCC_WARN_UNINITIALIZED_AUTOS = YES_AGGRESSIVE;
				GCC_WARN_UNUSED_FUNCTION = YES;
				GCC_WARN_UNUSED_VARIABLE = YES;
				IPHONEOS_DEPLOYMENT_TARGET = 12.2;
				MTL_ENABLE_DEBUG_INFO = INCLUDE_SOURCE;
				MTL_FAST_MATH = YES;
				ONLY_ACTIVE_ARCH = YES;
				SDKROOT = iphoneos;
				SWIFT_ACTIVE_COMPILATION_CONDITIONS = DEBUG;
				SWIFT_OPTIMIZATION_LEVEL = "-Onone";
			};
			name = Debug;
		};
		618FD42D2332235B00735ACF /* Release */ = {
			isa = XCBuildConfiguration;
			buildSettings = {
				ALWAYS_SEARCH_USER_PATHS = NO;
				CLANG_ANALYZER_NONNULL = YES;
				CLANG_ANALYZER_NUMBER_OBJECT_CONVERSION = YES_AGGRESSIVE;
				CLANG_CXX_LANGUAGE_STANDARD = "gnu++14";
				CLANG_CXX_LIBRARY = "libc++";
				CLANG_ENABLE_MODULES = YES;
				CLANG_ENABLE_OBJC_ARC = YES;
				CLANG_ENABLE_OBJC_WEAK = YES;
				CLANG_WARN_BLOCK_CAPTURE_AUTORELEASING = YES;
				CLANG_WARN_BOOL_CONVERSION = YES;
				CLANG_WARN_COMMA = YES;
				CLANG_WARN_CONSTANT_CONVERSION = YES;
				CLANG_WARN_DEPRECATED_OBJC_IMPLEMENTATIONS = YES;
				CLANG_WARN_DIRECT_OBJC_ISA_USAGE = YES_ERROR;
				CLANG_WARN_DOCUMENTATION_COMMENTS = YES;
				CLANG_WARN_EMPTY_BODY = YES;
				CLANG_WARN_ENUM_CONVERSION = YES;
				CLANG_WARN_INFINITE_RECURSION = YES;
				CLANG_WARN_INT_CONVERSION = YES;
				CLANG_WARN_NON_LITERAL_NULL_CONVERSION = YES;
				CLANG_WARN_OBJC_IMPLICIT_RETAIN_SELF = YES;
				CLANG_WARN_OBJC_LITERAL_CONVERSION = YES;
				CLANG_WARN_OBJC_ROOT_CLASS = YES_ERROR;
				CLANG_WARN_RANGE_LOOP_ANALYSIS = YES;
				CLANG_WARN_STRICT_PROTOTYPES = YES;
				CLANG_WARN_SUSPICIOUS_MOVE = YES;
				CLANG_WARN_UNGUARDED_AVAILABILITY = YES_AGGRESSIVE;
				CLANG_WARN_UNREACHABLE_CODE = YES;
				CLANG_WARN__DUPLICATE_METHOD_MATCH = YES;
				CODE_SIGN_IDENTITY = "iPhone Developer";
				COPY_PHASE_STRIP = NO;
				DEBUG_INFORMATION_FORMAT = "dwarf-with-dsym";
				ENABLE_NS_ASSERTIONS = NO;
				ENABLE_STRICT_OBJC_MSGSEND = YES;
				GCC_C_LANGUAGE_STANDARD = gnu11;
				GCC_NO_COMMON_BLOCKS = YES;
				GCC_WARN_64_TO_32_BIT_CONVERSION = YES;
				GCC_WARN_ABOUT_RETURN_TYPE = YES_ERROR;
				GCC_WARN_UNDECLARED_SELECTOR = YES;
				GCC_WARN_UNINITIALIZED_AUTOS = YES_AGGRESSIVE;
				GCC_WARN_UNUSED_FUNCTION = YES;
				GCC_WARN_UNUSED_VARIABLE = YES;
				IPHONEOS_DEPLOYMENT_TARGET = 12.2;
				MTL_ENABLE_DEBUG_INFO = NO;
				MTL_FAST_MATH = YES;
				SDKROOT = iphoneos;
				SWIFT_COMPILATION_MODE = wholemodule;
				SWIFT_OPTIMIZATION_LEVEL = "-O";
				VALIDATE_PRODUCT = YES;
			};
			name = Release;
		};
		618FD42F2332235B00735ACF /* Debug */ = {
			isa = XCBuildConfiguration;
			buildSettings = {
				ASSETCATALOG_COMPILER_APPICON_NAME = AppIcon;
				CODE_SIGN_STYLE = Automatic;
				DEVELOPMENT_TEAM = G4MM77V7NH;
				INFOPLIST_FILE = MyMovieChart/Info.plist;
				LD_RUNPATH_SEARCH_PATHS = (
					"$(inherited)",
					"@executable_path/Frameworks",
				);
				PRODUCT_BUNDLE_IDENTIFIER = io.github.92pino.MyMovieChart;
				PRODUCT_NAME = "$(TARGET_NAME)";
				SWIFT_VERSION = 5.0;
				TARGETED_DEVICE_FAMILY = "1,2";
			};
			name = Debug;
		};
		618FD4302332235B00735ACF /* Release */ = {
			isa = XCBuildConfiguration;
			buildSettings = {
				ASSETCATALOG_COMPILER_APPICON_NAME = AppIcon;
				CODE_SIGN_STYLE = Automatic;
				DEVELOPMENT_TEAM = G4MM77V7NH;
				INFOPLIST_FILE = MyMovieChart/Info.plist;
				LD_RUNPATH_SEARCH_PATHS = (
					"$(inherited)",
					"@executable_path/Frameworks",
				);
				PRODUCT_BUNDLE_IDENTIFIER = io.github.92pino.MyMovieChart;
				PRODUCT_NAME = "$(TARGET_NAME)";
				SWIFT_VERSION = 5.0;
				TARGETED_DEVICE_FAMILY = "1,2";
			};
			name = Release;
		};
/* End XCBuildConfiguration section */

/* Begin XCConfigurationList section */
		618FD4172332235800735ACF /* Build configuration list for PBXProject "MyMovieChart" */ = {
			isa = XCConfigurationList;
			buildConfigurations = (
				618FD42C2332235B00735ACF /* Debug */,
				618FD42D2332235B00735ACF /* Release */,
			);
			defaultConfigurationIsVisible = 0;
			defaultConfigurationName = Release;
		};
		618FD42E2332235B00735ACF /* Build configuration list for PBXNativeTarget "MyMovieChart" */ = {
			isa = XCConfigurationList;
			buildConfigurations = (
				618FD42F2332235B00735ACF /* Debug */,
				618FD4302332235B00735ACF /* Release */,
			);
			defaultConfigurationIsVisible = 0;
			defaultConfigurationName = Release;
		};
/* End XCConfigurationList section */
	};
	rootObject = 618FD4142332235800735ACF /* Project object */;
}
